
Microsoft Visual Studio Solution File, Format Version 12.00
# Visual Studio 14
VisualStudioVersion = 14.0.25420.1
MinimumVisualStudioVersion = 10.0.40219.1
Project("{8BC9CEB8-8B4A-11D0-8D11-00A0C91BC942}") = "create_request_value", "create_request_value\create_request_value.vcxproj", "{F2C480F0-3F1D-4C8E-B62C-91FCFA993DEC}"
EndProject
Project("{8BC9CEB8-8B4A-11D0-8D11-00A0C91BC942}") = "Lab9", "Lab9\Lab9.vcxproj", "{3893DAA7-4B67-4394-A8EE-5B9C031F6AFD}"
EndProject
Project("{8BC9CEB8-8B4A-11D0-8D11-00A0C91BC942}") = "callback_func", "callback_func\callback_func.vcxproj", "{15EF806F-8A92-4969-A49C-1ABD8D8A21D1}"
EndProject
Project("{8BC9CEB8-8B4A-11D0-8D11-00A0C91BC942}") = "Lab11", "Lab11\Lab11.vcxproj", "{FBDF0C4B-AAF6-4CA5-B233-1D07257932FB}"
EndProject
Project("{8BC9CEB8-8B4A-11D0-8D11-00A0C91BC942}") = "ANSI_UNICODE", "ANSI_UNICODE\ANSI_UNICODE.vcxproj", "{DD92CC2C-5BED-4BE9-86FF-B43381EF68FA}"
EndProject
Project("{8BC9CEB8-8B4A-11D0-8D11-00A0C91BC942}") = "critical_section", "critical_section\critical_section.vcxproj", "{7587AC98-3F8A-4246-85A4-2EEDDAAE7D2C}"
EndProject
Project("{8BC9CEB8-8B4A-11D0-8D11-00A0C91BC942}") = "mutex", "mutex\mutex.vcxproj", "{0293D7C8-7A27-4951-9821-C3136FDC7316}"
EndProject
Project("{8BC9CEB8-8B4A-11D0-8D11-00A0C91BC942}") = "event", "event\event.vcxproj", "{40B1E35D-8938-4370-BD0C-24142D54D2C9}"
EndProject
Project("{8BC9CEB8-8B4A-11D0-8D11-00A0C91BC942}") = "Lab6", "Lab6\Lab6.vcxproj", "{622E4740-DC4A-4DD8-A939-C8C65CE61F5D}"
EndProject
Project("{8BC9CEB8-8B4A-11D0-8D11-00A0C91BC942}") = "strategy_pattern", "strategy_pattern\strategy_pattern.vcxproj", "{1ABE686C-87C8-4AB4-9B04-2357DD19A637}"
EndProject
Project("{8BC9CEB8-8B4A-11D0-8D11-00A0C91BC942}") = "observer_pattern", "observer_pattern\observer_pattern.vcxproj", "{3C32242A-1381-4247-AA71-F1D5A9F21C27}"
EndProject
Project("{8BC9CEB8-8B4A-11D0-8D11-00A0C91BC942}") = "enum", "enum\enum.vcxproj", "{D6C243C6-7487-49BE-B26D-7BD96A6599BA}"
EndProject
Project("{8BC9CEB8-8B4A-11D0-8D11-00A0C91BC942}") = "Lab10", "Lab10\Project1.vcxproj", "{8EAA42E2-0D31-447D-B1C0-A0A399E39745}"
EndProject
Project("{8BC9CEB8-8B4A-11D0-8D11-00A0C91BC942}") = "string_operation", "string_operation\string_operation.vcxproj", "{83C9CD37-EDB7-4729-956C-8AC835E7C182}"
EndProject
Project("{8BC9CEB8-8B4A-11D0-8D11-00A0C91BC942}") = "singleton_pattern", "singleton_pattern\singleton_pattern.vcxproj", "{21AE4CFA-CD37-412C-8296-B094EF739407}"
EndProject
Global
	GlobalSection(SolutionConfigurationPlatforms) = preSolution
		Debug|x64 = Debug|x64
		Debug|x86 = Debug|x86
		Release|x64 = Release|x64
		Release|x86 = Release|x86
	EndGlobalSection
	GlobalSection(ProjectConfigurationPlatforms) = postSolution
		{F2C480F0-3F1D-4C8E-B62C-91FCFA993DEC}.Debug|x64.ActiveCfg = Debug|x64
		{F2C480F0-3F1D-4C8E-B62C-91FCFA993DEC}.Debug|x64.Build.0 = Debug|x64
		{F2C480F0-3F1D-4C8E-B62C-91FCFA993DEC}.Debug|x86.ActiveCfg = Debug|Win32
		{F2C480F0-3F1D-4C8E-B62C-91FCFA993DEC}.Debug|x86.Build.0 = Debug|Win32
		{F2C480F0-3F1D-4C8E-B62C-91FCFA993DEC}.Release|x64.ActiveCfg = Release|x64
		{F2C480F0-3F1D-4C8E-B62C-91FCFA993DEC}.Release|x64.Build.0 = Release|x64
		{F2C480F0-3F1D-4C8E-B62C-91FCFA993DEC}.Release|x86.ActiveCfg = Release|Win32
		{F2C480F0-3F1D-4C8E-B62C-91FCFA993DEC}.Release|x86.Build.0 = Release|Win32
		{3893DAA7-4B67-4394-A8EE-5B9C031F6AFD}.Debug|x64.ActiveCfg = Debug|x64
		{3893DAA7-4B67-4394-A8EE-5B9C031F6AFD}.Debug|x64.Build.0 = Debug|x64
		{3893DAA7-4B67-4394-A8EE-5B9C031F6AFD}.Debug|x86.ActiveCfg = Debug|Win32
		{3893DAA7-4B67-4394-A8EE-5B9C031F6AFD}.Debug|x86.Build.0 = Debug|Win32
		{3893DAA7-4B67-4394-A8EE-5B9C031F6AFD}.Release|x64.ActiveCfg = Release|x64
		{3893DAA7-4B67-4394-A8EE-5B9C031F6AFD}.Release|x64.Build.0 = Release|x64
		{3893DAA7-4B67-4394-A8EE-5B9C031F6AFD}.Release|x86.ActiveCfg = Release|Win32
		{3893DAA7-4B67-4394-A8EE-5B9C031F6AFD}.Release|x86.Build.0 = Release|Win32
		{15EF806F-8A92-4969-A49C-1ABD8D8A21D1}.Debug|x64.ActiveCfg = Debug|x64
		{15EF806F-8A92-4969-A49C-1ABD8D8A21D1}.Debug|x64.Build.0 = Debug|x64
		{15EF806F-8A92-4969-A49C-1ABD8D8A21D1}.Debug|x86.ActiveCfg = Debug|Win32
		{15EF806F-8A92-4969-A49C-1ABD8D8A21D1}.Debug|x86.Build.0 = Debug|Win32
		{15EF806F-8A92-4969-A49C-1ABD8D8A21D1}.Release|x64.ActiveCfg = Release|x64
		{15EF806F-8A92-4969-A49C-1ABD8D8A21D1}.Release|x64.Build.0 = Release|x64
		{15EF806F-8A92-4969-A49C-1ABD8D8A21D1}.Release|x86.ActiveCfg = Release|Win32
		{15EF806F-8A92-4969-A49C-1ABD8D8A21D1}.Release|x86.Build.0 = Release|Win32
		{FBDF0C4B-AAF6-4CA5-B233-1D07257932FB}.Debug|x64.ActiveCfg = Debug|x64
		{FBDF0C4B-AAF6-4CA5-B233-1D07257932FB}.Debug|x64.Build.0 = Debug|x64
		{FBDF0C4B-AAF6-4CA5-B233-1D07257932FB}.Debug|x86.ActiveCfg = Debug|Win32
		{FBDF0C4B-AAF6-4CA5-B233-1D07257932FB}.Debug|x86.Build.0 = Debug|Win32
		{FBDF0C4B-AAF6-4CA5-B233-1D07257932FB}.Release|x64.ActiveCfg = Release|x64
		{FBDF0C4B-AAF6-4CA5-B233-1D07257932FB}.Release|x64.Build.0 = Release|x64
		{FBDF0C4B-AAF6-4CA5-B233-1D07257932FB}.Release|x86.ActiveCfg = Release|Win32
		{FBDF0C4B-AAF6-4CA5-B233-1D07257932FB}.Release|x86.Build.0 = Release|Win32
		{DD92CC2C-5BED-4BE9-86FF-B43381EF68FA}.Debug|x64.ActiveCfg = Debug|x64
		{DD92CC2C-5BED-4BE9-86FF-B43381EF68FA}.Debug|x64.Build.0 = Debug|x64
		{DD92CC2C-5BED-4BE9-86FF-B43381EF68FA}.Debug|x86.ActiveCfg = Debug|Win32
		{DD92CC2C-5BED-4BE9-86FF-B43381EF68FA}.Debug|x86.Build.0 = Debug|Win32
		{DD92CC2C-5BED-4BE9-86FF-B43381EF68FA}.Release|x64.ActiveCfg = Release|x64
		{DD92CC2C-5BED-4BE9-86FF-B43381EF68FA}.Release|x64.Build.0 = Release|x64
		{DD92CC2C-5BED-4BE9-86FF-B43381EF68FA}.Release|x86.ActiveCfg = Release|Win32
		{DD92CC2C-5BED-4BE9-86FF-B43381EF68FA}.Release|x86.Build.0 = Release|Win32
		{7587AC98-3F8A-4246-85A4-2EEDDAAE7D2C}.Debug|x64.ActiveCfg = Debug|x64
		{7587AC98-3F8A-4246-85A4-2EEDDAAE7D2C}.Debug|x64.Build.0 = Debug|x64
		{7587AC98-3F8A-4246-85A4-2EEDDAAE7D2C}.Debug|x86.ActiveCfg = Debug|Win32
		{7587AC98-3F8A-4246-85A4-2EEDDAAE7D2C}.Debug|x86.Build.0 = Debug|Win32
		{7587AC98-3F8A-4246-85A4-2EEDDAAE7D2C}.Release|x64.ActiveCfg = Release|x64
		{7587AC98-3F8A-4246-85A4-2EEDDAAE7D2C}.Release|x64.Build.0 = Release|x64
		{7587AC98-3F8A-4246-85A4-2EEDDAAE7D2C}.Release|x86.ActiveCfg = Release|Win32
		{7587AC98-3F8A-4246-85A4-2EEDDAAE7D2C}.Release|x86.Build.0 = Release|Win32
		{0293D7C8-7A27-4951-9821-C3136FDC7316}.Debug|x64.ActiveCfg = Debug|x64
		{0293D7C8-7A27-4951-9821-C3136FDC7316}.Debug|x64.Build.0 = Debug|x64
		{0293D7C8-7A27-4951-9821-C3136FDC7316}.Debug|x86.ActiveCfg = Debug|Win32
		{0293D7C8-7A27-4951-9821-C3136FDC7316}.Debug|x86.Build.0 = Debug|Win32
		{0293D7C8-7A27-4951-9821-C3136FDC7316}.Release|x64.ActiveCfg = Release|x64
		{0293D7C8-7A27-4951-9821-C3136FDC7316}.Release|x64.Build.0 = Release|x64
		{0293D7C8-7A27-4951-9821-C3136FDC7316}.Release|x86.ActiveCfg = Release|Win32
		{0293D7C8-7A27-4951-9821-C3136FDC7316}.Release|x86.Build.0 = Release|Win32
		{40B1E35D-8938-4370-BD0C-24142D54D2C9}.Debug|x64.ActiveCfg = Debug|x64
		{40B1E35D-8938-4370-BD0C-24142D54D2C9}.Debug|x64.Build.0 = Debug|x64
		{40B1E35D-8938-4370-BD0C-24142D54D2C9}.Debug|x86.ActiveCfg = Debug|Win32
		{40B1E35D-8938-4370-BD0C-24142D54D2C9}.Debug|x86.Build.0 = Debug|Win32
		{40B1E35D-8938-4370-BD0C-24142D54D2C9}.Release|x64.ActiveCfg = Release|x64
		{40B1E35D-8938-4370-BD0C-24142D54D2C9}.Release|x64.Build.0 = Release|x64
		{40B1E35D-8938-4370-BD0C-24142D54D2C9}.Release|x86.ActiveCfg = Release|Win32
		{40B1E35D-8938-4370-BD0C-24142D54D2C9}.Release|x86.Build.0 = Release|Win32
		{622E4740-DC4A-4DD8-A939-C8C65CE61F5D}.Debug|x64.ActiveCfg = Debug|x64
		{622E4740-DC4A-4DD8-A939-C8C65CE61F5D}.Debug|x64.Build.0 = Debug|x64
		{622E4740-DC4A-4DD8-A939-C8C65CE61F5D}.Debug|x86.ActiveCfg = Debug|Win32
		{622E4740-DC4A-4DD8-A939-C8C65CE61F5D}.Debug|x86.Build.0 = Debug|Win32
		{622E4740-DC4A-4DD8-A939-C8C65CE61F5D}.Release|x64.ActiveCfg = Release|x64
		{622E4740-DC4A-4DD8-A939-C8C65CE61F5D}.Release|x64.Build.0 = Release|x64
		{622E4740-DC4A-4DD8-A939-C8C65CE61F5D}.Release|x86.ActiveCfg = Release|Win32
		{622E4740-DC4A-4DD8-A939-C8C65CE61F5D}.Release|x86.Build.0 = Release|Win32
		{1ABE686C-87C8-4AB4-9B04-2357DD19A637}.Debug|x64.ActiveCfg = Debug|x64
		{1ABE686C-87C8-4AB4-9B04-2357DD19A637}.Debug|x64.Build.0 = Debug|x64
		{1ABE686C-87C8-4AB4-9B04-2357DD19A637}.Debug|x86.ActiveCfg = Debug|Win32
		{1ABE686C-87C8-4AB4-9B04-2357DD19A637}.Debug|x86.Build.0 = Debug|Win32
		{1ABE686C-87C8-4AB4-9B04-2357DD19A637}.Release|x64.ActiveCfg = Release|x64
		{1ABE686C-87C8-4AB4-9B04-2357DD19A637}.Release|x64.Build.0 = Release|x64
		{1ABE686C-87C8-4AB4-9B04-2357DD19A637}.Release|x86.ActiveCfg = Release|Win32
		{1ABE686C-87C8-4AB4-9B04-2357DD19A637}.Release|x86.Build.0 = Release|Win32
		{3C32242A-1381-4247-AA71-F1D5A9F21C27}.Debug|x64.ActiveCfg = Debug|x64
		{3C32242A-1381-4247-AA71-F1D5A9F21C27}.Debug|x64.Build.0 = Debug|x64
		{3C32242A-1381-4247-AA71-F1D5A9F21C27}.Debug|x86.ActiveCfg = Debug|Win32
		{3C32242A-1381-4247-AA71-F1D5A9F21C27}.Debug|x86.Build.0 = Debug|Win32
		{3C32242A-1381-4247-AA71-F1D5A9F21C27}.Release|x64.ActiveCfg = Release|x64
		{3C32242A-1381-4247-AA71-F1D5A9F21C27}.Release|x64.Build.0 = Release|x64
		{3C32242A-1381-4247-AA71-F1D5A9F21C27}.Release|x86.ActiveCfg = Release|Win32
		{3C32242A-1381-4247-AA71-F1D5A9F21C27}.Release|x86.Build.0 = Release|Win32
		{D6C243C6-7487-49BE-B26D-7BD96A6599BA}.Debug|x64.ActiveCfg = Debug|x64
		{D6C243C6-7487-49BE-B26D-7BD96A6599BA}.Debug|x64.Build.0 = Debug|x64
		{D6C243C6-7487-49BE-B26D-7BD96A6599BA}.Debug|x86.ActiveCfg = Debug|Win32
		{D6C243C6-7487-49BE-B26D-7BD96A6599BA}.Debug|x86.Build.0 = Debug|Win32
		{D6C243C6-7487-49BE-B26D-7BD96A6599BA}.Release|x64.ActiveCfg = Release|x64
		{D6C243C6-7487-49BE-B26D-7BD96A6599BA}.Release|x64.Build.0 = Release|x64
		{D6C243C6-7487-49BE-B26D-7BD96A6599BA}.Release|x86.ActiveCfg = Release|Win32
		{D6C243C6-7487-49BE-B26D-7BD96A6599BA}.Release|x86.Build.0 = Release|Win32
		{8EAA42E2-0D31-447D-B1C0-A0A399E39745}.Debug|x64.ActiveCfg = Debug|x64
		{8EAA42E2-0D31-447D-B1C0-A0A399E39745}.Debug|x64.Build.0 = Debug|x64
		{8EAA42E2-0D31-447D-B1C0-A0A399E39745}.Debug|x86.ActiveCfg = Debug|Win32
		{8EAA42E2-0D31-447D-B1C0-A0A399E39745}.Debug|x86.Build.0 = Debug|Win32
		{8EAA42E2-0D31-447D-B1C0-A0A399E39745}.Release|x64.ActiveCfg = Release|x64
		{8EAA42E2-0D31-447D-B1C0-A0A399E39745}.Release|x64.Build.0 = Release|x64
		{8EAA42E2-0D31-447D-B1C0-A0A399E39745}.Release|x86.ActiveCfg = Release|Win32
		{8EAA42E2-0D31-447D-B1C0-A0A399E39745}.Release|x86.Build.0 = Release|Win32
		{83C9CD37-EDB7-4729-956C-8AC835E7C182}.Debug|x64.ActiveCfg = Debug|x64
		{83C9CD37-EDB7-4729-956C-8AC835E7C182}.Debug|x64.Build.0 = Debug|x64
		{83C9CD37-EDB7-4729-956C-8AC835E7C182}.Debug|x86.ActiveCfg = Debug|Win32
		{83C9CD37-EDB7-4729-956C-8AC835E7C182}.Debug|x86.Build.0 = Debug|Win32
		{83C9CD37-EDB7-4729-956C-8AC835E7C182}.Release|x64.ActiveCfg = Release|x64
		{83C9CD37-EDB7-4729-956C-8AC835E7C182}.Release|x64.Build.0 = Release|x64
		{83C9CD37-EDB7-4729-956C-8AC835E7C182}.Release|x86.ActiveCfg = Release|Win32
		{83C9CD37-EDB7-4729-956C-8AC835E7C182}.Release|x86.Build.0 = Release|Win32
		{21AE4CFA-CD37-412C-8296-B094EF739407}.Debug|x64.ActiveCfg = Debug|x64
		{21AE4CFA-CD37-412C-8296-B094EF739407}.Debug|x64.Build.0 = Debug|x64
		{21AE4CFA-CD37-412C-8296-B094EF739407}.Debug|x86.ActiveCfg = Debug|Win32
		{21AE4CFA-CD37-412C-8296-B094EF739407}.Debug|x86.Build.0 = Debug|Win32
		{21AE4CFA-CD37-412C-8296-B094EF739407}.Release|x64.ActiveCfg = Release|x64
		{21AE4CFA-CD37-412C-8296-B094EF739407}.Release|x64.Build.0 = Release|x64
		{21AE4CFA-CD37-412C-8296-B094EF739407}.Release|x86.ActiveCfg = Release|Win32
		{21AE4CFA-CD37-412C-8296-B094EF739407}.Release|x86.Build.0 = Release|Win32
	EndGlobalSection
	GlobalSection(SolutionProperties) = preSolution
		HideSolutionNode = FALSE
	EndGlobalSection
EndGlobal
